// !$*UTF8*$!
{
	archiveVersion = 1;
	classes = {
	};
	objectVersion = 46;
	objects = {

/* Begin PBXBuildFile section */
		550256A720030E51009B44CA /* OptionsViewController.swift in Sources */ = {isa = PBXBuildFile; fileRef = 550256A620030E51009B44CA /* OptionsViewController.swift */; };
		550256A920030FBD009B44CA /* ResultViewController.swift in Sources */ = {isa = PBXBuildFile; fileRef = 550256A820030FBD009B44CA /* ResultViewController.swift */; };
		5539AEF52096BAE200583E2C /* icon2.png in Resources */ = {isa = PBXBuildFile; fileRef = 5539AEF42096BAE100583E2C /* icon2.png */; };
		5539AEFD2096C56200583E2C /* AppIcons in Resources */ = {isa = PBXBuildFile; fileRef = 5539AEFC2096C56200583E2C /* AppIcons */; };
		5539AEFF2096C74D00583E2C /* Icons in Resources */ = {isa = PBXBuildFile; fileRef = 5539AEFE2096C74D00583E2C /* Icons */; };
		553AC69A2034DE5D00DFAEC6 /* NarrowItDownHome.png in Resources */ = {isa = PBXBuildFile; fileRef = 553AC6992034DE5D00DFAEC6 /* NarrowItDownHome.png */; };
		553AC69C2034E82200DFAEC6 /* NarrowItDownOptions.png in Resources */ = {isa = PBXBuildFile; fileRef = 553AC69B2034E82200DFAEC6 /* NarrowItDownOptions.png */; };
		553AC69E2034E89600DFAEC6 /* NarrowItDownOptions1.png in Resources */ = {isa = PBXBuildFile; fileRef = 553AC69D2034E89600DFAEC6 /* NarrowItDownOptions1.png */; };
		553AC6A22034E9AF00DFAEC6 /* NarrowItDownOptions3.png in Resources */ = {isa = PBXBuildFile; fileRef = 553AC6A12034E9AF00DFAEC6 /* NarrowItDownOptions3.png */; };
		5541C6502125291B003FCBB0 /* SelectionViewController.swift in Sources */ = {isa = PBXBuildFile; fileRef = 5541C64F2125291B003FCBB0 /* SelectionViewController.swift */; };
		554365D22059CEDC00C06A79 /* NarrowItDownHomeblueText.png in Resources */ = {isa = PBXBuildFile; fileRef = 554365D12059CEDC00C06A79 /* NarrowItDownHomeblueText.png */; };
		554365D42059D13500C06A79 /* NarrowItDownHomeblueText2.png in Resources */ = {isa = PBXBuildFile; fileRef = 554365D32059D13500C06A79 /* NarrowItDownHomeblueText2.png */; };
		554365D62059E3A500C06A79 /* NarrowItDownDecision2.png in Resources */ = {isa = PBXBuildFile; fileRef = 554365D52059E3A500C06A79 /* NarrowItDownDecision2.png */; };
		555D69EA203AA51500325BB7 /* NarrowItDownDecision.png in Resources */ = {isa = PBXBuildFile; fileRef = 555D69E9203AA51500325BB7 /* NarrowItDownDecision.png */; };
		555D69EC203AA72A00325BB7 /* NarrowItDownDecision2.png in Resources */ = {isa = PBXBuildFile; fileRef = 555D69EB203AA72A00325BB7 /* NarrowItDownDecision2.png */; };
		5582AAD22055FA2000C393DA /* NarrowItDownHomeblue.png in Resources */ = {isa = PBXBuildFile; fileRef = 5582AAD12055FA2000C393DA /* NarrowItDownHomeblue.png */; };
		5582AAD42055FA9000C393DA /* NarrowItDownHomeblue1.png in Resources */ = {isa = PBXBuildFile; fileRef = 5582AAD32055FA9000C393DA /* NarrowItDownHomeblue1.png */; };
		5582AAD62056018200C393DA /* NarrowItDownHomeblue2.png in Resources */ = {isa = PBXBuildFile; fileRef = 5582AAD52056018200C393DA /* NarrowItDownHomeblue2.png */; };
		5582AAD8205601D700C393DA /* NarrowItDownHomeblue3.png in Resources */ = {isa = PBXBuildFile; fileRef = 5582AAD7205601D700C393DA /* NarrowItDownHomeblue3.png */; };
		558F8CA8203631B500563E14 /* NarrowItDownHome4.png in Resources */ = {isa = PBXBuildFile; fileRef = 558F8CA7203631B500563E14 /* NarrowItDownHome4.png */; };
		55CF1D642162B16C00E1BA6D /* RestaurantEnterLocationController.swift in Sources */ = {isa = PBXBuildFile; fileRef = 55CF1D632162B16C00E1BA6D /* RestaurantEnterLocationController.swift */; };
		55D1BD2B1F06B5C200FD158A /* AppDelegate.swift in Sources */ = {isa = PBXBuildFile; fileRef = 55D1BD2A1F06B5C200FD158A /* AppDelegate.swift */; };
		55D1BD2D1F06B5C200FD158A /* ViewController.swift in Sources */ = {isa = PBXBuildFile; fileRef = 55D1BD2C1F06B5C200FD158A /* ViewController.swift */; };
		55D1BD301F06B5C200FD158A /* Main.storyboard in Resources */ = {isa = PBXBuildFile; fileRef = 55D1BD2E1F06B5C200FD158A /* Main.storyboard */; };
		55D1BD321F06B5C200FD158A /* Assets.xcassets in Resources */ = {isa = PBXBuildFile; fileRef = 55D1BD311F06B5C200FD158A /* Assets.xcassets */; };
		55D1BD351F06B5C200FD158A /* LaunchScreen.storyboard in Resources */ = {isa = PBXBuildFile; fileRef = 55D1BD331F06B5C200FD158A /* LaunchScreen.storyboard */; };
/* End PBXBuildFile section */

/* Begin PBXFileReference section */
		550256A620030E51009B44CA /* OptionsViewController.swift */ = {isa = PBXFileReference; fileEncoding = 4; lastKnownFileType = sourcecode.swift; path = OptionsViewController.swift; sourceTree = "<group>"; };
		550256A820030FBD009B44CA /* ResultViewController.swift */ = {isa = PBXFileReference; fileEncoding = 4; lastKnownFileType = sourcecode.swift; path = ResultViewController.swift; sourceTree = "<group>"; };
		5539AEF42096BAE100583E2C /* icon2.png */ = {isa = PBXFileReference; lastKnownFileType = image.png; name = icon2.png; path = "../../../Narrow It Down/icon2.png"; sourceTree = "<group>"; };
		5539AEFC2096C56200583E2C /* AppIcons */ = {isa = PBXFileReference; lastKnownFileType = folder; name = AppIcons; path = "../../../Narrow It Down/AppIcons"; sourceTree = "<group>"; };
		5539AEFE2096C74D00583E2C /* Icons */ = {isa = PBXFileReference; lastKnownFileType = folder; name = Icons; path = "../../../Narrow It Down/Icons"; sourceTree = "<group>"; };
		553AC6992034DE5D00DFAEC6 /* NarrowItDownHome.png */ = {isa = PBXFileReference; lastKnownFileType = image.png; name = NarrowItDownHome.png; path = "../../../Narrow It Down/NarrowItDownHome.png"; sourceTree = "<group>"; };
		553AC69B2034E82200DFAEC6 /* NarrowItDownOptions.png */ = {isa = PBXFileReference; lastKnownFileType = image.png; name = NarrowItDownOptions.png; path = "../../../Narrow It Down/NarrowItDownOptions.png"; sourceTree = "<group>"; };
		553AC69D2034E89600DFAEC6 /* NarrowItDownOptions1.png */ = {isa = PBXFileReference; lastKnownFileType = image.png; name = NarrowItDownOptions1.png; path = "../../../Narrow It Down/NarrowItDownOptions1.png"; sourceTree = "<group>"; };
		553AC6A12034E9AF00DFAEC6 /* NarrowItDownOptions3.png */ = {isa = PBXFileReference; lastKnownFileType = image.png; name = NarrowItDownOptions3.png; path = "../../../Narrow It Down/NarrowItDownOptions3.png"; sourceTree = "<group>"; };
		5541C64F2125291B003FCBB0 /* SelectionViewController.swift */ = {isa = PBXFileReference; lastKnownFileType = sourcecode.swift; path = SelectionViewController.swift; sourceTree = "<group>"; };
		554365D12059CEDC00C06A79 /* NarrowItDownHomeblueText.png */ = {isa = PBXFileReference; lastKnownFileType = image.png; name = NarrowItDownHomeblueText.png; path = "../../../Narrow It Down/NarrowItDownHomeblueText.png"; sourceTree = "<group>"; };
		554365D32059D13500C06A79 /* NarrowItDownHomeblueText2.png */ = {isa = PBXFileReference; lastKnownFileType = image.png; name = NarrowItDownHomeblueText2.png; path = "../../../Narrow It Down/NarrowItDownHomeblueText2.png"; sourceTree = "<group>"; };
		554365D52059E3A500C06A79 /* NarrowItDownDecision2.png */ = {isa = PBXFileReference; lastKnownFileType = image.png; name = NarrowItDownDecision2.png; path = "../../../Narrow It Down/NarrowItDownDecision2.png"; sourceTree = "<group>"; };
		555D69E9203AA51500325BB7 /* NarrowItDownDecision.png */ = {isa = PBXFileReference; lastKnownFileType = image.png; name = NarrowItDownDecision.png; path = "../../../Narrow It Down/NarrowItDownDecision.png"; sourceTree = "<group>"; };
		555D69EB203AA72A00325BB7 /* NarrowItDownDecision2.png */ = {isa = PBXFileReference; lastKnownFileType = image.png; name = NarrowItDownDecision2.png; path = "../../../Narrow It Down/NarrowItDownDecision2.png"; sourceTree = "<group>"; };
		5582AAD12055FA2000C393DA /* NarrowItDownHomeblue.png */ = {isa = PBXFileReference; lastKnownFileType = image.png; name = NarrowItDownHomeblue.png; path = "../../../Narrow It Down/NarrowItDownHomeblue.png"; sourceTree = "<group>"; };
		5582AAD32055FA9000C393DA /* NarrowItDownHomeblue1.png */ = {isa = PBXFileReference; lastKnownFileType = image.png; name = NarrowItDownHomeblue1.png; path = "../../../Narrow It Down/NarrowItDownHomeblue1.png"; sourceTree = "<group>"; };
		5582AAD52056018200C393DA /* NarrowItDownHomeblue2.png */ = {isa = PBXFileReference; lastKnownFileType = image.png; name = NarrowItDownHomeblue2.png; path = "../../../Narrow It Down/NarrowItDownHomeblue2.png"; sourceTree = "<group>"; };
		5582AAD7205601D700C393DA /* NarrowItDownHomeblue3.png */ = {isa = PBXFileReference; lastKnownFileType = image.png; name = NarrowItDownHomeblue3.png; path = "../../../Narrow It Down/NarrowItDownHomeblue3.png"; sourceTree = "<group>"; };
		558F8CA7203631B500563E14 /* NarrowItDownHome4.png */ = {isa = PBXFileReference; lastKnownFileType = image.png; name = NarrowItDownHome4.png; path = "../../../Narrow It Down/NarrowItDownHome4.png"; sourceTree = "<group>"; };
		55CF1D632162B16C00E1BA6D /* RestaurantEnterLocationController.swift */ = {isa = PBXFileReference; lastKnownFileType = sourcecode.swift; path = RestaurantEnterLocationController.swift; sourceTree = "<group>"; };
		55D1BD271F06B5C200FD158A /* NarrowItDown.app */ = {isa = PBXFileReference; explicitFileType = wrapper.application; includeInIndex = 0; path = NarrowItDown.app; sourceTree = BUILT_PRODUCTS_DIR; };
		55D1BD2A1F06B5C200FD158A /* AppDelegate.swift */ = {isa = PBXFileReference; lastKnownFileType = sourcecode.swift; path = AppDelegate.swift; sourceTree = "<group>"; };
		55D1BD2C1F06B5C200FD158A /* ViewController.swift */ = {isa = PBXFileReference; lastKnownFileType = sourcecode.swift; path = ViewController.swift; sourceTree = "<group>"; };
		55D1BD2F1F06B5C200FD158A /* Base */ = {isa = PBXFileReference; lastKnownFileType = file.storyboard; name = Base; path = Base.lproj/Main.storyboard; sourceTree = "<group>"; };
		55D1BD311F06B5C200FD158A /* Assets.xcassets */ = {isa = PBXFileReference; lastKnownFileType = folder.assetcatalog; path = Assets.xcassets; sourceTree = "<group>"; };
		55D1BD341F06B5C200FD158A /* Base */ = {isa = PBXFileReference; lastKnownFileType = file.storyboard; name = Base; path = Base.lproj/LaunchScreen.storyboard; sourceTree = "<group>"; };
		55D1BD361F06B5C200FD158A /* Info.plist */ = {isa = PBXFileReference; lastKnownFileType = text.plist.xml; path = Info.plist; sourceTree = "<group>"; };
/* End PBXFileReference section */

/* Begin PBXFrameworksBuildPhase section */
		55D1BD241F06B5C200FD158A /* Frameworks */ = {
			isa = PBXFrameworksBuildPhase;
			buildActionMask = 2147483647;
			files = (
			);
			runOnlyForDeploymentPostprocessing = 0;
		};
/* End PBXFrameworksBuildPhase section */

/* Begin PBXGroup section */
		55D1BD1E1F06B5C200FD158A = {
			isa = PBXGroup;
			children = (
				55D1BD291F06B5C200FD158A /* NarrowItDown */,
				55D1BD281F06B5C200FD158A /* Products */,
			);
			sourceTree = "<group>";
		};
		55D1BD281F06B5C200FD158A /* Products */ = {
			isa = PBXGroup;
			children = (
				55D1BD271F06B5C200FD158A /* NarrowItDown.app */,
			);
			name = Products;
			sourceTree = "<group>";
		};
		55D1BD291F06B5C200FD158A /* NarrowItDown */ = {
			isa = PBXGroup;
			children = (
				55D1BD2A1F06B5C200FD158A /* AppDelegate.swift */,
				55D1BD2C1F06B5C200FD158A /* ViewController.swift */,
				5541C64F2125291B003FCBB0 /* SelectionViewController.swift */,
				55CF1D632162B16C00E1BA6D /* RestaurantEnterLocationController.swift */,
				550256A620030E51009B44CA /* OptionsViewController.swift */,
				550256A820030FBD009B44CA /* ResultViewController.swift */,
				55D1BD2E1F06B5C200FD158A /* Main.storyboard */,
				55D1BD311F06B5C200FD158A /* Assets.xcassets */,
				553AC6992034DE5D00DFAEC6 /* NarrowItDownHome.png */,
				553AC69B2034E82200DFAEC6 /* NarrowItDownOptions.png */,
				5539AEFC2096C56200583E2C /* AppIcons */,
				553AC69D2034E89600DFAEC6 /* NarrowItDownOptions1.png */,
				5539AEF42096BAE100583E2C /* icon2.png */,
				5539AEFE2096C74D00583E2C /* Icons */,
				5582AAD7205601D700C393DA /* NarrowItDownHomeblue3.png */,
				554365D32059D13500C06A79 /* NarrowItDownHomeblueText2.png */,
				554365D52059E3A500C06A79 /* NarrowItDownDecision2.png */,
				554365D12059CEDC00C06A79 /* NarrowItDownHomeblueText.png */,
				5582AAD32055FA9000C393DA /* NarrowItDownHomeblue1.png */,
				5582AAD52056018200C393DA /* NarrowItDownHomeblue2.png */,
				5582AAD12055FA2000C393DA /* NarrowItDownHomeblue.png */,
				553AC6A12034E9AF00DFAEC6 /* NarrowItDownOptions3.png */,
				558F8CA7203631B500563E14 /* NarrowItDownHome4.png */,
				555D69E9203AA51500325BB7 /* NarrowItDownDecision.png */,
				555D69EB203AA72A00325BB7 /* NarrowItDownDecision2.png */,
				55D1BD331F06B5C200FD158A /* LaunchScreen.storyboard */,
				55D1BD361F06B5C200FD158A /* Info.plist */,
			);
			path = NarrowItDown;
			sourceTree = "<group>";
		};
/* End PBXGroup section */

/* Begin PBXNativeTarget section */
		55D1BD261F06B5C200FD158A /* NarrowItDown */ = {
			isa = PBXNativeTarget;
			buildConfigurationList = 55D1BD391F06B5C200FD158A /* Build configuration list for PBXNativeTarget "NarrowItDown" */;
			buildPhases = (
				55D1BD231F06B5C200FD158A /* Sources */,
				55D1BD241F06B5C200FD158A /* Frameworks */,
				55D1BD251F06B5C200FD158A /* Resources */,
			);
			buildRules = (
			);
			dependencies = (
			);
			name = NarrowItDown;
			productName = NarrowItDown;
			productReference = 55D1BD271F06B5C200FD158A /* NarrowItDown.app */;
			productType = "com.apple.product-type.application";
		};
/* End PBXNativeTarget section */

/* Begin PBXProject section */
		55D1BD1F1F06B5C200FD158A /* Project object */ = {
			isa = PBXProject;
			attributes = {
				LastSwiftUpdateCheck = 0820;
				LastUpgradeCheck = 0820;
				ORGANIZATIONNAME = "Elizabeth Kiernan";
				TargetAttributes = {
					55D1BD261F06B5C200FD158A = {
						CreatedOnToolsVersion = 8.2.1;
						DevelopmentTeam = DM7U9QT8LQ;
						ProvisioningStyle = Automatic;
					};
				};
			};
			buildConfigurationList = 55D1BD221F06B5C200FD158A /* Build configuration list for PBXProject "NarrowItDown" */;
			compatibilityVersion = "Xcode 3.2";
			developmentRegion = English;
			hasScannedForEncodings = 0;
			knownRegions = (
				en,
				Base,
			);
			mainGroup = 55D1BD1E1F06B5C200FD158A;
			productRefGroup = 55D1BD281F06B5C200FD158A /* Products */;
			projectDirPath = "";
			projectRoot = "";
			targets = (
				55D1BD261F06B5C200FD158A /* NarrowItDown */,
			);
		};
/* End PBXProject section */

/* Begin PBXResourcesBuildPhase section */
		55D1BD251F06B5C200FD158A /* Resources */ = {
			isa = PBXResourcesBuildPhase;
			buildActionMask = 2147483647;
			files = (
				5582AAD62056018200C393DA /* NarrowItDownHomeblue2.png in Resources */,
				5539AEFD2096C56200583E2C /* AppIcons in Resources */,
				5582AAD42055FA9000C393DA /* NarrowItDownHomeblue1.png in Resources */,
				555D69EA203AA51500325BB7 /* NarrowItDownDecision.png in Resources */,
				553AC6A22034E9AF00DFAEC6 /* NarrowItDownOptions3.png in Resources */,
				5582AAD22055FA2000C393DA /* NarrowItDownHomeblue.png in Resources */,
				55D1BD351F06B5C200FD158A /* LaunchScreen.storyboard in Resources */,
				554365D42059D13500C06A79 /* NarrowItDownHomeblueText2.png in Resources */,
				55D1BD321F06B5C200FD158A /* Assets.xcassets in Resources */,
				553AC69A2034DE5D00DFAEC6 /* NarrowItDownHome.png in Resources */,
				5582AAD8205601D700C393DA /* NarrowItDownHomeblue3.png in Resources */,
				55D1BD301F06B5C200FD158A /* Main.storyboard in Resources */,
				554365D22059CEDC00C06A79 /* NarrowItDownHomeblueText.png in Resources */,
				555D69EC203AA72A00325BB7 /* NarrowItDownDecision2.png in Resources */,
				553AC69E2034E89600DFAEC6 /* NarrowItDownOptions1.png in Resources */,
				553AC69C2034E82200DFAEC6 /* NarrowItDownOptions.png in Resources */,
				558F8CA8203631B500563E14 /* NarrowItDownHome4.png in Resources */,
				5539AEFF2096C74D00583E2C /* Icons in Resources */,
				554365D62059E3A500C06A79 /* NarrowItDownDecision2.png in Resources */,
				5539AEF52096BAE200583E2C /* icon2.png in Resources */,
			);
			runOnlyForDeploymentPostprocessing = 0;
		};
/* End PBXResourcesBuildPhase section */

/* Begin PBXSourcesBuildPhase section */
		55D1BD231F06B5C200FD158A /* Sources */ = {
			isa = PBXSourcesBuildPhase;
			buildActionMask = 2147483647;
			files = (
				55CF1D642162B16C00E1BA6D /* RestaurantEnterLocationController.swift in Sources */,
				5541C6502125291B003FCBB0 /* SelectionViewController.swift in Sources */,
				550256A720030E51009B44CA /* OptionsViewController.swift in Sources */,
				55D1BD2D1F06B5C200FD158A /* ViewController.swift in Sources */,
				55D1BD2B1F06B5C200FD158A /* AppDelegate.swift in Sources */,
				550256A920030FBD009B44CA /* ResultViewController.swift in Sources */,
			);
			runOnlyForDeploymentPostprocessing = 0;
		};
/* End PBXSourcesBuildPhase section */

/* Begin PBXVariantGroup section */
		55D1BD2E1F06B5C200FD158A /* Main.storyboard */ = {
			isa = PBXVariantGroup;
			children = (
				55D1BD2F1F06B5C200FD158A /* Base */,
			);
			name = Main.storyboard;
			sourceTree = "<group>";
		};
		55D1BD331F06B5C200FD158A /* LaunchScreen.storyboard */ = {
			isa = PBXVariantGroup;
			children = (
				55D1BD341F06B5C200FD158A /* Base */,
			);
			name = LaunchScreen.storyboard;
			sourceTree = "<group>";
		};
/* End PBXVariantGroup section */

/* Begin XCBuildConfiguration section */
		55D1BD371F06B5C200FD158A /* Debug */ = {
			isa = XCBuildConfiguration;
			buildSettings = {
				ALWAYS_SEARCH_USER_PATHS = NO;
				CLANG_ANALYZER_NONNULL = YES;
				CLANG_CXX_LANGUAGE_STANDARD = "gnu++0x";
				CLANG_CXX_LIBRARY = "libc++";
				CLANG_ENABLE_MODULES = YES;
				CLANG_ENABLE_OBJC_ARC = YES;
				CLANG_WARN_BOOL_CONVERSION = YES;
				CLANG_WARN_CONSTANT_CONVERSION = YES;
				CLANG_WARN_DIRECT_OBJC_ISA_USAGE = YES_ERROR;
				CLANG_WARN_DOCUMENTATION_COMMENTS = YES;
				CLANG_WARN_EMPTY_BODY = YES;
				CLANG_WARN_ENUM_CONVERSION = YES;
				CLANG_WARN_INFINITE_RECURSION = YES;
				CLANG_WARN_INT_CONVERSION = YES;
				CLANG_WARN_OBJC_ROOT_CLASS = YES_ERROR;
				CLANG_WARN_SUSPICIOUS_MOVE = YES;
				CLANG_WARN_UNREACHABLE_CODE = YES;
				CLANG_WARN__DUPLICATE_METHOD_MATCH = YES;
				"CODE_SIGN_IDENTITY[sdk=iphoneos*]" = "iPhone Developer";
				COPY_PHASE_STRIP = NO;
				DEBUG_INFORMATION_FORMAT = dwarf;
				ENABLE_STRICT_OBJC_MSGSEND = YES;
				ENABLE_TESTABILITY = YES;
				GCC_C_LANGUAGE_STANDARD = gnu99;
				GCC_DYNAMIC_NO_PIC = NO;
				GCC_NO_COMMON_BLOCKS = YES;
				GCC_OPTIMIZATION_LEVEL = 0;
				GCC_PREPROCESSOR_DEFINITIONS = (
					"DEBUG=1",
					"$(inherited)",
				);
				GCC_WARN_64_TO_32_BIT_CONVERSION = YES;
				GCC_WARN_ABOUT_RETURN_TYPE = YES_ERROR;
				GCC_WARN_UNDECLARED_SELECTOR = YES;
				GCC_WARN_UNINITIALIZED_AUTOS = YES_AGGRESSIVE;
				GCC_WARN_UNUSED_FUNCTION = YES;
				GCC_WARN_UNUSED_VARIABLE = YES;
				IPHONEOS_DEPLOYMENT_TARGET = 10.2;
				MTL_ENABLE_DEBUG_INFO = YES;
				ONLY_ACTIVE_ARCH = YES;
				SDKROOT = iphoneos;
				SWIFT_ACTIVE_COMPILATION_CONDITIONS = DEBUG;
				SWIFT_OPTIMIZATION_LEVEL = "-Onone";
				TARGETED_DEVICE_FAMILY = "1,2";
			};
			name = Debug;
		};
		55D1BD381F06B5C200FD158A /* Release */ = {
			isa = XCBuildConfiguration;
			buildSettings = {
				ALWAYS_SEARCH_USER_PATHS = NO;
				CLANG_ANALYZER_NONNULL = YES;
				CLANG_CXX_LANGUAGE_STANDARD = "gnu++0x";
				CLANG_CXX_LIBRARY = "libc++";
				CLANG_ENABLE_MODULES = YES;
				CLANG_ENABLE_OBJC_ARC = YES;
				CLANG_WARN_BOOL_CONVERSION = YES;
				CLANG_WARN_CONSTANT_CONVERSION = YES;
				CLANG_WARN_DIRECT_OBJC_ISA_USAGE = YES_ERROR;
				CLANG_WARN_DOCUMENTATION_COMMENTS = YES;
				CLANG_WARN_EMPTY_BODY = YES;
				CLANG_WARN_ENUM_CONVERSION = YES;
				CLANG_WARN_INFINITE_RECURSION = YES;
				CLANG_WARN_INT_CONVERSION = YES;
				CLANG_WARN_OBJC_ROOT_CLASS = YES_ERROR;
				CLANG_WARN_SUSPICIOUS_MOVE = YES;
				CLANG_WARN_UNREACHABLE_CODE = YES;
				CLANG_WARN__DUPLICATE_METHOD_MATCH = YES;
				"CODE_SIGN_IDENTITY[sdk=iphoneos*]" = "iPhone Developer";
				COPY_PHASE_STRIP = NO;
				DEBUG_INFORMATION_FORMAT = "dwarf-with-dsym";
				ENABLE_NS_ASSERTIONS = NO;
				ENABLE_STRICT_OBJC_MSGSEND = YES;
				GCC_C_LANGUAGE_STANDARD = gnu99;
				GCC_NO_COMMON_BLOCKS = YES;
				GCC_WARN_64_TO_32_BIT_CONVERSION = YES;
				GCC_WARN_ABOUT_RETURN_TYPE = YES_ERROR;
				GCC_WARN_UNDECLARED_SELECTOR = YES;
				GCC_WARN_UNINITIALIZED_AUTOS = YES_AGGRESSIVE;
				GCC_WARN_UNUSED_FUNCTION = YES;
				GCC_WARN_UNUSED_VARIABLE = YES;
				IPHONEOS_DEPLOYMENT_TARGET = 10.2;
				MTL_ENABLE_DEBUG_INFO = NO;
				SDKROOT = iphoneos;
				SWIFT_OPTIMIZATION_LEVEL = "-Owholemodule";
				TARGETED_DEVICE_FAMILY = "1,2";
				VALIDATE_PRODUCT = YES;
			};
			name = Release;
		};
		55D1BD3A1F06B5C200FD158A /* Debug */ = {
			isa = XCBuildConfiguration;
			buildSettings = {
				ASSETCATALOG_COMPILER_APPICON_NAME = AppIcon;
				DEVELOPMENT_TEAM = DM7U9QT8LQ;
				INFOPLIST_FILE = NarrowItDown/Info.plist;
				IPHONEOS_DEPLOYMENT_TARGET = 9.0;
				LD_RUNPATH_SEARCH_PATHS = "$(inherited) @executable_path/Frameworks";
				PRODUCT_BUNDLE_IDENTIFIER = elizabethkiernan.NarrowItDown;
				PRODUCT_NAME = "$(TARGET_NAME)";
				SWIFT_VERSION = 3.0;
			};
			name = Debug;
		};
		55D1BD3B1F06B5C200FD158A /* Release */ = {
			isa = XCBuildConfiguration;
			buildSettings = {
				ASSETCATALOG_COMPILER_APPICON_NAME = AppIcon;
				DEVELOPMENT_TEAM = DM7U9QT8LQ;
				INFOPLIST_FILE = NarrowItDown/Info.plist;
				IPHONEOS_DEPLOYMENT_TARGET = 9.0;
				LD_RUNPATH_SEARCH_PATHS = "$(inherited) @executable_path/Frameworks";
				PRODUCT_BUNDLE_IDENTIFIER = elizabethkiernan.NarrowItDown;
				PRODUCT_NAME = "$(TARGET_NAME)";
				SWIFT_VERSION = 3.0;
			};
			name = Release;
		};
/* End XCBuildConfiguration section */

/* Begin XCConfigurationList section */
		55D1BD221F06B5C200FD158A /* Build configuration list for PBXProject "NarrowItDown" */ = {
			isa = XCConfigurationList;
			buildConfigurations = (
				55D1BD371F06B5C200FD158A /* Debug */,
				55D1BD381F06B5C200FD158A /* Release */,
			);
			defaultConfigurationIsVisible = 0;
			defaultConfigurationName = Release;
		};
		55D1BD391F06B5C200FD158A /* Build configuration list for PBXNativeTarget "NarrowItDown" */ = {
			isa = XCConfigurationList;
			buildConfigurations = (
				55D1BD3A1F06B5C200FD158A /* Debug */,
				55D1BD3B1F06B5C200FD158A /* Release */,
			);
			defaultConfigurationIsVisible = 0;
			defaultConfigurationName = Release;
		};
/* End XCConfigurationList section */
	};
	rootObject = 55D1BD1F1F06B5C200FD158A /* Project object */;
}
